
Microsoft Visual Studio Solution File, Format Version 12.00
# Visual Studio Version 16
VisualStudioVersion = 16.0.31112.23
MinimumVisualStudioVersion = 10.0.40219.1
Project("{FAE04EC0-301F-11D3-BF4B-00C04F79EFBC}") = "Ejercicio_Int", "Ejercicio_Int\Ejercicio_Int.csproj", "{040303C5-E413-4CC8-8F4C-CAEE2D50C242}"
EndProject
Project("{FAE04EC0-301F-11D3-BF4B-00C04F79EFBC}") = "CalculoPerimetro", "CalculoPerimetro\CalculoPerimetro.csproj", "{A83E45FB-939F-4132-AE33-6B0BBEFFEBC1}"
EndProject
Project("{FAE04EC0-301F-11D3-BF4B-00C04F79EFBC}") = "Ejercicio_String", "Ejercicio_String\Ejercicio_String.csproj", "{BF070DD8-5A3F-4EF5-A97E-BB787AC8D3B4}"
EndProject
Project("{FAE04EC0-301F-11D3-BF4B-00C04F79EFBC}") = "Ejercicio_StringInt", "Ejercicio_StringInt\Ejercicio_StringInt.csproj", "{2B4909CD-D3D5-43ED-95F3-6071C4EE8007}"
EndProject
Global
	GlobalSection(SolutionConfigurationPlatforms) = preSolution
		Debug|Any CPU = Debug|Any CPU
		Release|Any CPU = Release|Any CPU
	EndGlobalSection
	GlobalSection(ProjectConfigurationPlatforms) = postSolution
		{040303C5-E413-4CC8-8F4C-CAEE2D50C242}.Debug|Any CPU.ActiveCfg = Debug|Any CPU
		{040303C5-E413-4CC8-8F4C-CAEE2D50C242}.Debug|Any CPU.Build.0 = Debug|Any CPU
		{040303C5-E413-4CC8-8F4C-CAEE2D50C242}.Release|Any CPU.ActiveCfg = Release|Any CPU
		{040303C5-E413-4CC8-8F4C-CAEE2D50C242}.Release|Any CPU.Build.0 = Release|Any CPU
		{A83E45FB-939F-4132-AE33-6B0BBEFFEBC1}.Debug|Any CPU.ActiveCfg = Debug|Any CPU
		{A83E45FB-939F-4132-AE33-6B0BBEFFEBC1}.Debug|Any CPU.Build.0 = Debug|Any CPU
		{A83E45FB-939F-4132-AE33-6B0BBEFFEBC1}.Release|Any CPU.ActiveCfg = Release|Any CPU
		{A83E45FB-939F-4132-AE33-6B0BBEFFEBC1}.Release|Any CPU.Build.0 = Release|Any CPU
		{BF070DD8-5A3F-4EF5-A97E-BB787AC8D3B4}.Debug|Any CPU.ActiveCfg = Debug|Any CPU
		{BF070DD8-5A3F-4EF5-A97E-BB787AC8D3B4}.Debug|Any CPU.Build.0 = Debug|Any CPU
		{BF070DD8-5A3F-4EF5-A97E-BB787AC8D3B4}.Release|Any CPU.ActiveCfg = Release|Any CPU
		{BF070DD8-5A3F-4EF5-A97E-BB787AC8D3B4}.Release|Any CPU.Build.0 = Release|Any CPU
		{2B4909CD-D3D5-43ED-95F3-6071C4EE8007}.Debug|Any CPU.ActiveCfg = Debug|Any CPU
		{2B4909CD-D3D5-43ED-95F3-6071C4EE8007}.Debug|Any CPU.Build.0 = Debug|Any CPU
		{2B4909CD-D3D5-43ED-95F3-6071C4EE8007}.Release|Any CPU.ActiveCfg = Release|Any CPU
		{2B4909CD-D3D5-43ED-95F3-6071C4EE8007}.Release|Any CPU.Build.0 = Release|Any CPU
	EndGlobalSection
	GlobalSection(SolutionProperties) = preSolution
		HideSolutionNode = FALSE
	EndGlobalSection
	GlobalSection(ExtensibilityGlobals) = postSolution
		SolutionGuid = {D5DF5F4D-9A48-4123-879B-8F8C73A5AE3C}
	EndGlobalSection
EndGlobal
